
Microsoft Visual Studio Solution File, Format Version 12.00
# Visual Studio 15
VisualStudioVersion = 15.0.28010.2036
MinimumVisualStudioVersion = 10.0.40219.1
Project("{9A19103F-16F7-4668-BE54-9A1E7A4F7556}") = "Lab07-Collections", "Lab07-Collections\Lab07-Collections.csproj", "{965B6B2A-8040-4C7A-88ED-583891DB3941}"
EndProject
Project("{FAE04EC0-301F-11D3-BF4B-00C04F79EFBC}") = "XUnitTestProject1", "XUnitTestProject1\XUnitTestProject1.csproj", "{A8A6578D-1BA7-415B-9176-0E52C82D3552}"
EndProject
Global
	GlobalSection(SolutionConfigurationPlatforms) = preSolution
		Debug|Any CPU = Debug|Any CPU
		Release|Any CPU = Release|Any CPU
	EndGlobalSection
	GlobalSection(ProjectConfigurationPlatforms) = postSolution
		{965B6B2A-8040-4C7A-88ED-583891DB3941}.Debug|Any CPU.ActiveCfg = Debug|Any CPU
		{965B6B2A-8040-4C7A-88ED-583891DB3941}.Debug|Any CPU.Build.0 = Debug|Any CPU
		{965B6B2A-8040-4C7A-88ED-583891DB3941}.Release|Any CPU.ActiveCfg = Release|Any CPU
		{965B6B2A-8040-4C7A-88ED-583891DB3941}.Release|Any CPU.Build.0 = Release|Any CPU
		{A8A6578D-1BA7-415B-9176-0E52C82D3552}.Debug|Any CPU.ActiveCfg = Debug|Any CPU
		{A8A6578D-1BA7-415B-9176-0E52C82D3552}.Debug|Any CPU.Build.0 = Debug|Any CPU
		{A8A6578D-1BA7-415B-9176-0E52C82D3552}.Release|Any CPU.ActiveCfg = Release|Any CPU
		{A8A6578D-1BA7-415B-9176-0E52C82D3552}.Release|Any CPU.Build.0 = Release|Any CPU
	EndGlobalSection
	GlobalSection(SolutionProperties) = preSolution
		HideSolutionNode = FALSE
	EndGlobalSection
	GlobalSection(ExtensibilityGlobals) = postSolution
		SolutionGuid = {BDF7B8D6-B9A6-416B-9BC7-842EAEA1893B}
	EndGlobalSection
EndGlobal
